
Microsoft Visual Studio Solution File, Format Version 12.00
# Visual Studio 15
VisualStudioVersion = 15.0.28307.779
MinimumVisualStudioVersion = 10.0.40219.1
Project("{FAE04EC0-301F-11D3-BF4B-00C04F79EFBC}") = "StudentsFormForExam", "StudentsFormForExam\StudentsFormForExam.csproj", "{66DD3F58-72CE-429E-8D3A-7D2F3C07A810}"
EndProject
Global
	GlobalSection(SolutionConfigurationPlatforms) = preSolution
		Debug|Any CPU = Debug|Any CPU
		Release|Any CPU = Release|Any CPU
	EndGlobalSection
	GlobalSection(ProjectConfigurationPlatforms) = postSolution
		{66DD3F58-72CE-429E-8D3A-7D2F3C07A810}.Debug|Any CPU.ActiveCfg = Debug|Any CPU
		{66DD3F58-72CE-429E-8D3A-7D2F3C07A810}.Debug|Any CPU.Build.0 = Debug|Any CPU
		{66DD3F58-72CE-429E-8D3A-7D2F3C07A810}.Release|Any CPU.ActiveCfg = Release|Any CPU
		{66DD3F58-72CE-429E-8D3A-7D2F3C07A810}.Release|Any CPU.Build.0 = Release|Any CPU
	EndGlobalSection
	GlobalSection(SolutionProperties) = preSolution
		HideSolutionNode = FALSE
	EndGlobalSection
	GlobalSection(ExtensibilityGlobals) = postSolution
		SolutionGuid = {866002DE-698C-4C0F-BFB6-FCC5759D44FD}
	EndGlobalSection
EndGlobal
